// !$*UTF8*$!
{
	archiveVersion = 1;
	classes = {
	};
	objectVersion = 46;
	objects = {

/* Begin PBXBuildFile section */
		8B1EE5EA19BD26F600B1AD09 /* AppDelegate.swift in Sources */ = {isa = PBXBuildFile; fileRef = 8B1EE5E919BD26F600B1AD09 /* AppDelegate.swift */; };
		8B1EE5EC19BD26F600B1AD09 /* ViewController.swift in Sources */ = {isa = PBXBuildFile; fileRef = 8B1EE5EB19BD26F600B1AD09 /* ViewController.swift */; };
		8B1EE5EF19BD26F600B1AD09 /* Main.storyboard in Resources */ = {isa = PBXBuildFile; fileRef = 8B1EE5ED19BD26F600B1AD09 /* Main.storyboard */; };
		8B1EE5F119BD26F600B1AD09 /* Images.xcassets in Resources */ = {isa = PBXBuildFile; fileRef = 8B1EE5F019BD26F600B1AD09 /* Images.xcassets */; };
		8B1EE5FD19BD26F700B1AD09 /* CustomSliderDemoTests.swift in Sources */ = {isa = PBXBuildFile; fileRef = 8B1EE5FC19BD26F700B1AD09 /* CustomSliderDemoTests.swift */; };
		8B1EE60719BD277B00B1AD09 /* RangeSlider.swift in Sources */ = {isa = PBXBuildFile; fileRef = 8B1EE60619BD277B00B1AD09 /* RangeSlider.swift */; };
		8BABA8B519BD30C800B5F441 /* RangeSliderThumbLayer.swift in Sources */ = {isa = PBXBuildFile; fileRef = 8BABA8B419BD30C800B5F441 /* RangeSliderThumbLayer.swift */; };
		8BABA8B719BD397300B5F441 /* RangeSliderTrackLayer.swift in Sources */ = {isa = PBXBuildFile; fileRef = 8BABA8B619BD397300B5F441 /* RangeSliderTrackLayer.swift */; };
/* End PBXBuildFile section */

/* Begin PBXContainerItemProxy section */
		8B1EE5F719BD26F700B1AD09 /* PBXContainerItemProxy */ = {
			isa = PBXContainerItemProxy;
			containerPortal = 8B1EE5DC19BD26F600B1AD09 /* Project object */;
			proxyType = 1;
			remoteGlobalIDString = 8B1EE5E319BD26F600B1AD09;
			remoteInfo = CustomSliderDemo;
		};
/* End PBXContainerItemProxy section */

/* Begin PBXFileReference section */
		8B1EE5E419BD26F600B1AD09 /* CustomSliderDemo.app */ = {isa = PBXFileReference; explicitFileType = wrapper.application; includeInIndex = 0; path = CustomSliderDemo.app; sourceTree = BUILT_PRODUCTS_DIR; };
		8B1EE5E819BD26F600B1AD09 /* Info.plist */ = {isa = PBXFileReference; lastKnownFileType = text.plist.xml; path = Info.plist; sourceTree = "<group>"; };
		8B1EE5E919BD26F600B1AD09 /* AppDelegate.swift */ = {isa = PBXFileReference; lastKnownFileType = sourcecode.swift; path = AppDelegate.swift; sourceTree = "<group>"; };
		8B1EE5EB19BD26F600B1AD09 /* ViewController.swift */ = {isa = PBXFileReference; lastKnownFileType = sourcecode.swift; path = ViewController.swift; sourceTree = "<group>"; };
		8B1EE5EE19BD26F600B1AD09 /* Base */ = {isa = PBXFileReference; lastKnownFileType = file.storyboard; name = Base; path = Base.lproj/Main.storyboard; sourceTree = "<group>"; };
		8B1EE5F019BD26F600B1AD09 /* Images.xcassets */ = {isa = PBXFileReference; lastKnownFileType = folder.assetcatalog; path = Images.xcassets; sourceTree = "<group>"; };
		8B1EE5F619BD26F700B1AD09 /* CustomSliderDemoTests.xctest */ = {isa = PBXFileReference; explicitFileType = wrapper.cfbundle; includeInIndex = 0; path = CustomSliderDemoTests.xctest; sourceTree = BUILT_PRODUCTS_DIR; };
		8B1EE5FB19BD26F700B1AD09 /* Info.plist */ = {isa = PBXFileReference; lastKnownFileType = text.plist.xml; path = Info.plist; sourceTree = "<group>"; };
		8B1EE5FC19BD26F700B1AD09 /* CustomSliderDemoTests.swift */ = {isa = PBXFileReference; lastKnownFileType = sourcecode.swift; path = CustomSliderDemoTests.swift; sourceTree = "<group>"; };
		8B1EE60619BD277B00B1AD09 /* RangeSlider.swift */ = {isa = PBXFileReference; fileEncoding = 4; lastKnownFileType = sourcecode.swift; path = RangeSlider.swift; sourceTree = "<group>"; };
		8BABA8B419BD30C800B5F441 /* RangeSliderThumbLayer.swift */ = {isa = PBXFileReference; fileEncoding = 4; lastKnownFileType = sourcecode.swift; path = RangeSliderThumbLayer.swift; sourceTree = "<group>"; };
		8BABA8B619BD397300B5F441 /* RangeSliderTrackLayer.swift */ = {isa = PBXFileReference; fileEncoding = 4; lastKnownFileType = sourcecode.swift; path = RangeSliderTrackLayer.swift; sourceTree = "<group>"; };
/* End PBXFileReference section */

/* Begin PBXFrameworksBuildPhase section */
		8B1EE5E119BD26F600B1AD09 /* Frameworks */ = {
			isa = PBXFrameworksBuildPhase;
			buildActionMask = 2147483647;
			files = (
			);
			runOnlyForDeploymentPostprocessing = 0;
		};
		8B1EE5F319BD26F700B1AD09 /* Frameworks */ = {
			isa = PBXFrameworksBuildPhase;
			buildActionMask = 2147483647;
			files = (
			);
			runOnlyForDeploymentPostprocessing = 0;
		};
/* End PBXFrameworksBuildPhase section */

/* Begin PBXGroup section */
		8B1EE5DB19BD26F600B1AD09 = {
			isa = PBXGroup;
			children = (
				8B1EE5E619BD26F600B1AD09 /* CustomSliderDemo */,
				8B1EE5F919BD26F700B1AD09 /* CustomSliderDemoTests */,
				8B1EE5E519BD26F600B1AD09 /* Products */,
			);
			sourceTree = "<group>";
		};
		8B1EE5E519BD26F600B1AD09 /* Products */ = {
			isa = PBXGroup;
			children = (
				8B1EE5E419BD26F600B1AD09 /* CustomSliderDemo.app */,
				8B1EE5F619BD26F700B1AD09 /* CustomSliderDemoTests.xctest */,
			);
			name = Products;
			sourceTree = "<group>";
		};
		8B1EE5E619BD26F600B1AD09 /* CustomSliderDemo */ = {
			isa = PBXGroup;
			children = (
				8B1EE5E919BD26F600B1AD09 /* AppDelegate.swift */,
				8B1EE5EB19BD26F600B1AD09 /* ViewController.swift */,
				8B1EE5ED19BD26F600B1AD09 /* Main.storyboard */,
				8B1EE5F019BD26F600B1AD09 /* Images.xcassets */,
				8B1EE5E719BD26F600B1AD09 /* Supporting Files */,
				8B1EE60619BD277B00B1AD09 /* RangeSlider.swift */,
				8BABA8B419BD30C800B5F441 /* RangeSliderThumbLayer.swift */,
				8BABA8B619BD397300B5F441 /* RangeSliderTrackLayer.swift */,
			);
			path = CustomSliderDemo;
			sourceTree = "<group>";
		};
		8B1EE5E719BD26F600B1AD09 /* Supporting Files */ = {
			isa = PBXGroup;
			children = (
				8B1EE5E819BD26F600B1AD09 /* Info.plist */,
			);
			name = "Supporting Files";
			sourceTree = "<group>";
		};
		8B1EE5F919BD26F700B1AD09 /* CustomSliderDemoTests */ = {
			isa = PBXGroup;
			children = (
				8B1EE5FC19BD26F700B1AD09 /* CustomSliderDemoTests.swift */,
				8B1EE5FA19BD26F700B1AD09 /* Supporting Files */,
			);
			path = CustomSliderDemoTests;
			sourceTree = "<group>";
		};
		8B1EE5FA19BD26F700B1AD09 /* Supporting Files */ = {
			isa = PBXGroup;
			children = (
				8B1EE5FB19BD26F700B1AD09 /* Info.plist */,
			);
			name = "Supporting Files";
			sourceTree = "<group>";
		};
/* End PBXGroup section */

/* Begin PBXNativeTarget section */
		8B1EE5E319BD26F600B1AD09 /* CustomSliderDemo */ = {
			isa = PBXNativeTarget;
			buildConfigurationList = 8B1EE60019BD26F700B1AD09 /* Build configuration list for PBXNativeTarget "CustomSliderDemo" */;
			buildPhases = (
				8B1EE5E019BD26F600B1AD09 /* Sources */,
				8B1EE5E119BD26F600B1AD09 /* Frameworks */,
				8B1EE5E219BD26F600B1AD09 /* Resources */,
			);
			buildRules = (
			);
			dependencies = (
			);
			name = CustomSliderDemo;
			productName = CustomSliderDemo;
			productReference = 8B1EE5E419BD26F600B1AD09 /* CustomSliderDemo.app */;
			productType = "com.apple.product-type.application";
		};
		8B1EE5F519BD26F700B1AD09 /* CustomSliderDemoTests */ = {
			isa = PBXNativeTarget;
			buildConfigurationList = 8B1EE60319BD26F700B1AD09 /* Build configuration list for PBXNativeTarget "CustomSliderDemoTests" */;
			buildPhases = (
				8B1EE5F219BD26F700B1AD09 /* Sources */,
				8B1EE5F319BD26F700B1AD09 /* Frameworks */,
				8B1EE5F419BD26F700B1AD09 /* Resources */,
			);
			buildRules = (
			);
			dependencies = (
				8B1EE5F819BD26F700B1AD09 /* PBXTargetDependency */,
			);
			name = CustomSliderDemoTests;
			productName = CustomSliderDemoTests;
			productReference = 8B1EE5F619BD26F700B1AD09 /* CustomSliderDemoTests.xctest */;
			productType = "com.apple.product-type.bundle.unit-test";
		};
/* End PBXNativeTarget section */

/* Begin PBXProject section */
		8B1EE5DC19BD26F600B1AD09 /* Project object */ = {
			isa = PBXProject;
			attributes = {
				LastUpgradeCheck = 0600;
				ORGANIZATIONNAME = LGQ;
				TargetAttributes = {
					8B1EE5E319BD26F600B1AD09 = {
						CreatedOnToolsVersion = 6.0;
					};
					8B1EE5F519BD26F700B1AD09 = {
						CreatedOnToolsVersion = 6.0;
						TestTargetID = 8B1EE5E319BD26F600B1AD09;
					};
				};
			};
			buildConfigurationList = 8B1EE5DF19BD26F600B1AD09 /* Build configuration list for PBXProject "CustomSliderDemo" */;
			compatibilityVersion = "Xcode 3.2";
			developmentRegion = English;
			hasScannedForEncodings = 0;
			knownRegions = (
				en,
				Base,
			);
			mainGroup = 8B1EE5DB19BD26F600B1AD09;
			productRefGroup = 8B1EE5E519BD26F600B1AD09 /* Products */;
			projectDirPath = "";
			projectRoot = "";
			targets = (
				8B1EE5E319BD26F600B1AD09 /* CustomSliderDemo */,
				8B1EE5F519BD26F700B1AD09 /* CustomSliderDemoTests */,
			);
		};
/* End PBXProject section */

/* Begin PBXResourcesBuildPhase section */
		8B1EE5E219BD26F600B1AD09 /* Resources */ = {
			isa = PBXResourcesBuildPhase;
			buildActionMask = 2147483647;
			files = (
				8B1EE5EF19BD26F600B1AD09 /* Main.storyboard in Resources */,
				8B1EE5F119BD26F600B1AD09 /* Images.xcassets in Resources */,
			);
			runOnlyForDeploymentPostprocessing = 0;
		};
		8B1EE5F419BD26F700B1AD09 /* Resources */ = {
			isa = PBXResourcesBuildPhase;
			buildActionMask = 2147483647;
			files = (
			);
			runOnlyForDeploymentPostprocessing = 0;
		};
/* End PBXResourcesBuildPhase section */

/* Begin PBXSourcesBuildPhase section */
		8B1EE5E019BD26F600B1AD09 /* Sources */ = {
			isa = PBXSourcesBuildPhase;
			buildActionMask = 2147483647;
			files = (
				8B1EE5EC19BD26F600B1AD09 /* ViewController.swift in Sources */,
				8BABA8B719BD397300B5F441 /* RangeSliderTrackLayer.swift in Sources */,
				8B1EE60719BD277B00B1AD09 /* RangeSlider.swift in Sources */,
				8B1EE5EA19BD26F600B1AD09 /* AppDelegate.swift in Sources */,
				8BABA8B519BD30C800B5F441 /* RangeSliderThumbLayer.swift in Sources */,
			);
			runOnlyForDeploymentPostprocessing = 0;
		};
		8B1EE5F219BD26F700B1AD09 /* Sources */ = {
			isa = PBXSourcesBuildPhase;
			buildActionMask = 2147483647;
			files = (
				8B1EE5FD19BD26F700B1AD09 /* CustomSliderDemoTests.swift in Sources */,
			);
			runOnlyForDeploymentPostprocessing = 0;
		};
/* End PBXSourcesBuildPhase section */

/* Begin PBXTargetDependency section */
		8B1EE5F819BD26F700B1AD09 /* PBXTargetDependency */ = {
			isa = PBXTargetDependency;
			target = 8B1EE5E319BD26F600B1AD09 /* CustomSliderDemo */;
			targetProxy = 8B1EE5F719BD26F700B1AD09 /* PBXContainerItemProxy */;
		};
/* End PBXTargetDependency section */

/* Begin PBXVariantGroup section */
		8B1EE5ED19BD26F600B1AD09 /* Main.storyboard */ = {
			isa = PBXVariantGroup;
			children = (
				8B1EE5EE19BD26F600B1AD09 /* Base */,
			);
			name = Main.storyboard;
			sourceTree = "<group>";
		};
/* End PBXVariantGroup section */

/* Begin XCBuildConfiguration section */
		8B1EE5FE19BD26F700B1AD09 /* Debug */ = {
			isa = XCBuildConfiguration;
			buildSettings = {
				ALWAYS_SEARCH_USER_PATHS = NO;
				CLANG_CXX_LANGUAGE_STANDARD = "gnu++0x";
				CLANG_CXX_LIBRARY = "libc++";
				CLANG_ENABLE_MODULES = YES;
				CLANG_ENABLE_OBJC_ARC = YES;
				CLANG_WARN_BOOL_CONVERSION = YES;
				CLANG_WARN_CONSTANT_CONVERSION = YES;
				CLANG_WARN_DIRECT_OBJC_ISA_USAGE = YES_ERROR;
				CLANG_WARN_EMPTY_BODY = YES;
				CLANG_WARN_ENUM_CONVERSION = YES;
				CLANG_WARN_INT_CONVERSION = YES;
				CLANG_WARN_OBJC_ROOT_CLASS = YES_ERROR;
				CLANG_WARN_UNREACHABLE_CODE = YES;
				CLANG_WARN__DUPLICATE_METHOD_MATCH = YES;
				"CODE_SIGN_IDENTITY[sdk=iphoneos*]" = "iPhone Developer";
				COPY_PHASE_STRIP = NO;
				ENABLE_STRICT_OBJC_MSGSEND = YES;
				GCC_C_LANGUAGE_STANDARD = gnu99;
				GCC_DYNAMIC_NO_PIC = NO;
				GCC_OPTIMIZATION_LEVEL = 0;
				GCC_PREPROCESSOR_DEFINITIONS = (
					"DEBUG=1",
					"$(inherited)",
				);
				GCC_SYMBOLS_PRIVATE_EXTERN = NO;
				GCC_WARN_64_TO_32_BIT_CONVERSION = YES;
				GCC_WARN_ABOUT_RETURN_TYPE = YES_ERROR;
				GCC_WARN_UNDECLARED_SELECTOR = YES;
				GCC_WARN_UNINITIALIZED_AUTOS = YES_AGGRESSIVE;
				GCC_WARN_UNUSED_FUNCTION = YES;
				GCC_WARN_UNUSED_VARIABLE = YES;
				IPHONEOS_DEPLOYMENT_TARGET = 8.0;
				MTL_ENABLE_DEBUG_INFO = YES;
				ONLY_ACTIVE_ARCH = YES;
				SDKROOT = iphoneos;
				SWIFT_OPTIMIZATION_LEVEL = "-Onone";
			};
			name = Debug;
		};
		8B1EE5FF19BD26F700B1AD09 /* Release */ = {
			isa = XCBuildConfiguration;
			buildSettings = {
				ALWAYS_SEARCH_USER_PATHS = NO;
				CLANG_CXX_LANGUAGE_STANDARD = "gnu++0x";
				CLANG_CXX_LIBRARY = "libc++";
				CLANG_ENABLE_MODULES = YES;
				CLANG_ENABLE_OBJC_ARC = YES;
				CLANG_WARN_BOOL_CONVERSION = YES;
				CLANG_WARN_CONSTANT_CONVERSION = YES;
				CLANG_WARN_DIRECT_OBJC_ISA_USAGE = YES_ERROR;
				CLANG_WARN_EMPTY_BODY = YES;
				CLANG_WARN_ENUM_CONVERSION = YES;
				CLANG_WARN_INT_CONVERSION = YES;
				CLANG_WARN_OBJC_ROOT_CLASS = YES_ERROR;
				CLANG_WARN_UNREACHABLE_CODE = YES;
				CLANG_WARN__DUPLICATE_METHOD_MATCH = YES;
				"CODE_SIGN_IDENTITY[sdk=iphoneos*]" = "iPhone Developer";
				COPY_PHASE_STRIP = YES;
				ENABLE_NS_ASSERTIONS = NO;
				ENABLE_STRICT_OBJC_MSGSEND = YES;
				GCC_C_LANGUAGE_STANDARD = gnu99;
				GCC_WARN_64_TO_32_BIT_CONVERSION = YES;
				GCC_WARN_ABOUT_RETURN_TYPE = YES_ERROR;
				GCC_WARN_UNDECLARED_SELECTOR = YES;
				GCC_WARN_UNINITIALIZED_AUTOS = YES_AGGRESSIVE;
				GCC_WARN_UNUSED_FUNCTION = YES;
				GCC_WARN_UNUSED_VARIABLE = YES;
				IPHONEOS_DEPLOYMENT_TARGET = 8.0;
				MTL_ENABLE_DEBUG_INFO = NO;
				SDKROOT = iphoneos;
				VALIDATE_PRODUCT = YES;
			};
			name = Release;
		};
		8B1EE60119BD26F700B1AD09 /* Debug */ = {
			isa = XCBuildConfiguration;
			buildSettings = {
				ASSETCATALOG_COMPILER_APPICON_NAME = AppIcon;
				ASSETCATALOG_COMPILER_LAUNCHIMAGE_NAME = LaunchImage;
				INFOPLIST_FILE = CustomSliderDemo/Info.plist;
				LD_RUNPATH_SEARCH_PATHS = "$(inherited) @executable_path/Frameworks";
				PRODUCT_NAME = "$(TARGET_NAME)";
			};
			name = Debug;
		};
		8B1EE60219BD26F700B1AD09 /* Release */ = {
			isa = XCBuildConfiguration;
			buildSettings = {
				ASSETCATALOG_COMPILER_APPICON_NAME = AppIcon;
				ASSETCATALOG_COMPILER_LAUNCHIMAGE_NAME = LaunchImage;
				INFOPLIST_FILE = CustomSliderDemo/Info.plist;
				LD_RUNPATH_SEARCH_PATHS = "$(inherited) @executable_path/Frameworks";
				PRODUCT_NAME = "$(TARGET_NAME)";
			};
			name = Release;
		};
		8B1EE60419BD26F700B1AD09 /* Debug */ = {
			isa = XCBuildConfiguration;
			buildSettings = {
				BUNDLE_LOADER = "$(TEST_HOST)";
				FRAMEWORK_SEARCH_PATHS = (
					"$(SDKROOT)/Developer/Library/Frameworks",
					"$(inherited)",
				);
				GCC_PREPROCESSOR_DEFINITIONS = (
					"DEBUG=1",
					"$(inherited)",
				);
				INFOPLIST_FILE = CustomSliderDemoTests/Info.plist;
				LD_RUNPATH_SEARCH_PATHS = "$(inherited) @executable_path/Frameworks @loader_path/Frameworks";
				PRODUCT_NAME = "$(TARGET_NAME)";
				TEST_HOST = "$(BUILT_PRODUCTS_DIR)/CustomSliderDemo.app/CustomSliderDemo";
			};
			name = Debug;
		};
		8B1EE60519BD26F700B1AD09 /* Release */ = {
			isa = XCBuildConfiguration;
			buildSettings = {
				BUNDLE_LOADER = "$(TEST_HOST)";
				FRAMEWORK_SEARCH_PATHS = (
					"$(SDKROOT)/Developer/Library/Frameworks",
					"$(inherited)",
				);
				INFOPLIST_FILE = CustomSliderDemoTests/Info.plist;
				LD_RUNPATH_SEARCH_PATHS = "$(inherited) @executable_path/Frameworks @loader_path/Frameworks";
				PRODUCT_NAME = "$(TARGET_NAME)";
				TEST_HOST = "$(BUILT_PRODUCTS_DIR)/CustomSliderDemo.app/CustomSliderDemo";
			};
			name = Release;
		};
/* End XCBuildConfiguration section */

/* Begin XCConfigurationList section */
		8B1EE5DF19BD26F600B1AD09 /* Build configuration list for PBXProject "CustomSliderDemo" */ = {
			isa = XCConfigurationList;
			buildConfigurations = (
				8B1EE5FE19BD26F700B1AD09 /* Debug */,
				8B1EE5FF19BD26F700B1AD09 /* Release */,
			);
			defaultConfigurationIsVisible = 0;
			defaultConfigurationName = Release;
		};
		8B1EE60019BD26F700B1AD09 /* Build configuration list for PBXNativeTarget "CustomSliderDemo" */ = {
			isa = XCConfigurationList;
			buildConfigurations = (
				8B1EE60119BD26F700B1AD09 /* Debug */,
				8B1EE60219BD26F700B1AD09 /* Release */,
			);
			defaultConfigurationIsVisible = 0;
			defaultConfigurationName = Release;
		};
		8B1EE60319BD26F700B1AD09 /* Build configuration list for PBXNativeTarget "CustomSliderDemoTests" */ = {
			isa = XCConfigurationList;
			buildConfigurations = (
				8B1EE60419BD26F700B1AD09 /* Debug */,
				8B1EE60519BD26F700B1AD09 /* Release */,
			);
			defaultConfigurationIsVisible = 0;
			defaultConfigurationName = Release;
		};
/* End XCConfigurationList section */
	};
	rootObject = 8B1EE5DC19BD26F600B1AD09 /* Project object */;
}
